// !$*UTF8*$!
{
	archiveVersion = 1;
	classes = {
	};
	objectVersion = 55;
	objects = {

/* Begin PBXBuildFile section */
		05AE2B97FD80E7B23A56B99A /* MyProfile+Schema.swift in Sources */ = {isa = PBXBuildFile; fileRef = E9B553A9AFDAAEE0795844E8 /* MyProfile+Schema.swift */; };
		07A5EC5AF7CB891540CE6187 /* MineUser+Schema.swift in Sources */ = {isa = PBXBuildFile; fileRef = CABCB13A5ADCA2688A5A9E6E /* MineUser+Schema.swift */; };
		0AEC643917270A217F2C54DF /* amplifyconfiguration.json in Resources */ = {isa = PBXBuildFile; fileRef = 1026808555BFD362CEFC32FD /* amplifyconfiguration.json */; };
		0F91A3F497CD10DA78B96153 /* WalkingCoordinate+Schema.swift in Sources */ = {isa = PBXBuildFile; fileRef = 679D3A60E5228FD4CB3D1E8A /* WalkingCoordinate+Schema.swift */; };
		28D865DE4363F0C3EDB663D6 /* awsconfiguration.json in Resources */ = {isa = PBXBuildFile; fileRef = 4B8F05DE7EA343B729271A7B /* awsconfiguration.json */; };
		2918EF89650A676156EADC47 /* AmplifyModels.swift in Sources */ = {isa = PBXBuildFile; fileRef = 02EEDE9E5F7A9385FE0EC7E9 /* AmplifyModels.swift */; };
		2EA75C425ED202C68515A72B /* WalkingCoordinate.swift in Sources */ = {isa = PBXBuildFile; fileRef = 362B26CC6485503DE5FB67A3 /* WalkingCoordinate.swift */; };
		351BE0B147BF116197548077 /* PathPolygon+Schema.swift in Sources */ = {isa = PBXBuildFile; fileRef = 6C506EE96B3626C55CDA4B85 /* PathPolygon+Schema.swift */; };
		5295A4AB14EAD16CDA444ABE /* MyProfile.swift in Sources */ = {isa = PBXBuildFile; fileRef = B9C9659CA043DDE5E4436CD7 /* MyProfile.swift */; };
		601FC1FE28CAF416008E02BD /* AppDelegate.swift in Sources */ = {isa = PBXBuildFile; fileRef = 601FC1FD28CAF416008E02BD /* AppDelegate.swift */; };
		601FC20028CAF416008E02BD /* SceneDelegate.swift in Sources */ = {isa = PBXBuildFile; fileRef = 601FC1FF28CAF416008E02BD /* SceneDelegate.swift */; };
		601FC20228CAF416008E02BD /* MainViewController.swift in Sources */ = {isa = PBXBuildFile; fileRef = 601FC20128CAF416008E02BD /* MainViewController.swift */; };
		601FC20528CAF416008E02BD /* Main.storyboard in Resources */ = {isa = PBXBuildFile; fileRef = 601FC20328CAF416008E02BD /* Main.storyboard */; };
		601FC20728CAF417008E02BD /* Assets.xcassets in Resources */ = {isa = PBXBuildFile; fileRef = 601FC20628CAF417008E02BD /* Assets.xcassets */; };
		601FC20A28CAF417008E02BD /* LaunchScreen.storyboard in Resources */ = {isa = PBXBuildFile; fileRef = 601FC20828CAF417008E02BD /* LaunchScreen.storyboard */; };
		601FC21528CAF417008E02BD /* Mine_RenewTests.swift in Sources */ = {isa = PBXBuildFile; fileRef = 601FC21428CAF417008E02BD /* Mine_RenewTests.swift */; };
		601FC21F28CAF417008E02BD /* Mine_RenewUITests.swift in Sources */ = {isa = PBXBuildFile; fileRef = 601FC21E28CAF417008E02BD /* Mine_RenewUITests.swift */; };
		601FC22128CAF417008E02BD /* Mine_RenewUITestsLaunchTests.swift in Sources */ = {isa = PBXBuildFile; fileRef = 601FC22028CAF417008E02BD /* Mine_RenewUITestsLaunchTests.swift */; };
		605E11F8290D2AC600DF125F /* amplify/generated/models/PathPolygon.swift in Sources */ = {isa = PBXBuildFile; fileRef = 605E11F1290D2AC600DF125F /* amplify/generated/models/PathPolygon.swift */; };
		605E11F9290D2AC600DF125F /* amplify/generated/models/AmplifyModels.swift in Sources */ = {isa = PBXBuildFile; fileRef = 605E11F2290D2AC600DF125F /* amplify/generated/models/AmplifyModels.swift */; };
		605E11FC290D2AC600DF125F /* amplify/generated/models/WalkingCoordinate+Schema.swift in Sources */ = {isa = PBXBuildFile; fileRef = 605E11F5290D2AC600DF125F /* amplify/generated/models/WalkingCoordinate+Schema.swift */; };
		605E11FD290D2AC600DF125F /* amplify/generated/models/PathPolygon+Schema.swift in Sources */ = {isa = PBXBuildFile; fileRef = 605E11F6290D2AC600DF125F /* amplify/generated/models/PathPolygon+Schema.swift */; };
		605E11FE290D2AC600DF125F /* amplify/generated/models/WalkingCoordinate.swift in Sources */ = {isa = PBXBuildFile; fileRef = 605E11F7290D2AC600DF125F /* amplify/generated/models/WalkingCoordinate.swift */; };
		605E1201290D2C0900DF125F /* AWSAPIPlugin in Frameworks */ = {isa = PBXBuildFile; productRef = 605E1200290D2C0900DF125F /* AWSAPIPlugin */; };
		605E1203290D2C0900DF125F /* AWSCognitoAuthPlugin in Frameworks */ = {isa = PBXBuildFile; productRef = 605E1202290D2C0900DF125F /* AWSCognitoAuthPlugin */; };
		605E1205290D2C0900DF125F /* AWSPluginsCore in Frameworks */ = {isa = PBXBuildFile; productRef = 605E1204290D2C0900DF125F /* AWSPluginsCore */; };
		605E1207290D2C0900DF125F /* Amplify in Frameworks */ = {isa = PBXBuildFile; productRef = 605E1206290D2C0900DF125F /* Amplify */; };
		605E120A290D33FD00DF125F /* amplify/generated/models/PathPolygon.swift in Sources */ = {isa = PBXBuildFile; fileRef = 605E1208290D33FD00DF125F /* amplify/generated/models/PathPolygon.swift */; };
		605E120B290D33FD00DF125F /* amplify/generated/models/PathPolygon+Schema.swift in Sources */ = {isa = PBXBuildFile; fileRef = 605E1209290D33FD00DF125F /* amplify/generated/models/PathPolygon+Schema.swift */; };
		605E1212290D37A200DF125F /* amplify/generated/models/WalkingCoordinate+Schema.swift in Sources */ = {isa = PBXBuildFile; fileRef = 605E1210290D37A200DF125F /* amplify/generated/models/WalkingCoordinate+Schema.swift */; };
		605E1213290D37A200DF125F /* amplify/generated/models/WalkingCoordinate.swift in Sources */ = {isa = PBXBuildFile; fileRef = 605E1211290D37A200DF125F /* amplify/generated/models/WalkingCoordinate.swift */; };
		605E121B290E4A7500DF125F /* amplify/generated/models/PathPolygon.swift in Sources */ = {isa = PBXBuildFile; fileRef = 605E1219290E4A7500DF125F /* amplify/generated/models/PathPolygon.swift */; };
		605E1222290E636F00DF125F /* amplify/generated/models/MyProfile.swift in Sources */ = {isa = PBXBuildFile; fileRef = 605E121E290E636F00DF125F /* amplify/generated/models/MyProfile.swift */; };
		605E1223290E636F00DF125F /* amplify/generated/models/MyProfile+Schema.swift in Sources */ = {isa = PBXBuildFile; fileRef = 605E121F290E636F00DF125F /* amplify/generated/models/MyProfile+Schema.swift */; };
		605E122B290E64D700DF125F /* amplify/generated/models/PathPolygon.swift in Sources */ = {isa = PBXBuildFile; fileRef = 605E1227290E64D700DF125F /* amplify/generated/models/PathPolygon.swift */; };
		605E123D290E651500DF125F /* amplify/generated/models/PathPolygon+Schema.swift in Sources */ = {isa = PBXBuildFile; fileRef = 605E1234290E651500DF125F /* amplify/generated/models/PathPolygon+Schema.swift */; };
		606201AA28D8AB33005A4668 /* Lottie in Frameworks */ = {isa = PBXBuildFile; productRef = 606201A928D8AB33005A4668 /* Lottie */; };
		6075116D28CE12070027D13F /* Backend.swift in Sources */ = {isa = PBXBuildFile; fileRef = 6075116C28CE12070027D13F /* Backend.swift */; };
		6075119A28CEEDF50027D13F /* amplifyconfiguration.json in Resources */ = {isa = PBXBuildFile; fileRef = 6075119828CEEDF50027D13F /* amplifyconfiguration.json */; };
		6075119B28CEEDF50027D13F /* awsconfiguration.json in Resources */ = {isa = PBXBuildFile; fileRef = 6075119928CEEDF50027D13F /* awsconfiguration.json */; };
		60AB0EF428CDAC480095D921 /* AppleLoginViewController.swift in Sources */ = {isa = PBXBuildFile; fileRef = 60AB0EF328CDAC480095D921 /* AppleLoginViewController.swift */; };
		60AB0EF628CDAC960095D921 /* AppleLoginViewController.storyboard in Resources */ = {isa = PBXBuildFile; fileRef = 60AB0EF528CDAC960095D921 /* AppleLoginViewController.storyboard */; };
		60D16A8E290E6732006B20CD /* amplify/generated/models/PathPolygon.swift in Sources */ = {isa = PBXBuildFile; fileRef = 60D16A85290E6732006B20CD /* amplify/generated/models/PathPolygon.swift */; };
		60D16A8F290E6732006B20CD /* amplify/generated/models/MineUser+Schema.swift in Sources */ = {isa = PBXBuildFile; fileRef = 60D16A86290E6732006B20CD /* amplify/generated/models/MineUser+Schema.swift */; };
		60D16A90290E6732006B20CD /* amplify/generated/models/AmplifyModels.swift in Sources */ = {isa = PBXBuildFile; fileRef = 60D16A87290E6732006B20CD /* amplify/generated/models/AmplifyModels.swift */; };
		60D16A91290E6732006B20CD /* amplify/generated/models/MineUser.swift in Sources */ = {isa = PBXBuildFile; fileRef = 60D16A88290E6732006B20CD /* amplify/generated/models/MineUser.swift */; };
		60D16A92290E6732006B20CD /* amplify/generated/models/MyProfile.swift in Sources */ = {isa = PBXBuildFile; fileRef = 60D16A89290E6732006B20CD /* amplify/generated/models/MyProfile.swift */; };
		60D16A93290E6732006B20CD /* amplify/generated/models/WalkingCoordinate+Schema.swift in Sources */ = {isa = PBXBuildFile; fileRef = 60D16A8A290E6732006B20CD /* amplify/generated/models/WalkingCoordinate+Schema.swift */; };
		60D16A94290E6732006B20CD /* amplify/generated/models/MyProfile+Schema.swift in Sources */ = {isa = PBXBuildFile; fileRef = 60D16A8B290E6732006B20CD /* amplify/generated/models/MyProfile+Schema.swift */; };
		60D16A95290E6732006B20CD /* amplify/generated/models/PathPolygon+Schema.swift in Sources */ = {isa = PBXBuildFile; fileRef = 60D16A8C290E6732006B20CD /* amplify/generated/models/PathPolygon+Schema.swift */; };
		60D16A96290E6733006B20CD /* amplify/generated/models/WalkingCoordinate.swift in Sources */ = {isa = PBXBuildFile; fileRef = 60D16A8D290E6732006B20CD /* amplify/generated/models/WalkingCoordinate.swift */; };
		60D16A9A290E6EA9006B20CD /* IQKeyboardManagerSwift in Frameworks */ = {isa = PBXBuildFile; productRef = 60D16A99290E6EA9006B20CD /* IQKeyboardManagerSwift */; };
		60EFE42B28CC4811001A272C /* MapViewController.storyboard in Resources */ = {isa = PBXBuildFile; fileRef = 60EFE42A28CC4811001A272C /* MapViewController.storyboard */; };
		60EFE42D28CC4819001A272C /* MapViewController.swift in Sources */ = {isa = PBXBuildFile; fileRef = 60EFE42C28CC4819001A272C /* MapViewController.swift */; };
		60EFE43128CC4F28001A272C /* MKMapView+Ext.swift in Sources */ = {isa = PBXBuildFile; fileRef = 60EFE43028CC4F28001A272C /* MKMapView+Ext.swift */; };
		60EFE43328CC6D7A001A272C /* AppColor.swift in Sources */ = {isa = PBXBuildFile; fileRef = 60EFE43228CC6D7A001A272C /* AppColor.swift */; };
		60EFE43528CC6DB9001A272C /* UIColor+Ext.swift in Sources */ = {isa = PBXBuildFile; fileRef = 60EFE43428CC6DB9001A272C /* UIColor+Ext.swift */; };
		60EFE43F28CCE995001A272C /* WalkingCompleteModalView.swift in Sources */ = {isa = PBXBuildFile; fileRef = 60EFE43E28CCE995001A272C /* WalkingCompleteModalView.swift */; };
		60EFE44128CCE9B9001A272C /* WalkingCompleteModalView.xib in Resources */ = {isa = PBXBuildFile; fileRef = 60EFE44028CCE9B9001A272C /* WalkingCompleteModalView.xib */; };
		7FCCC5D87B5F3EC8BBA085B2 /* MineUser.swift in Sources */ = {isa = PBXBuildFile; fileRef = BBFB4C4BEEA344423148683A /* MineUser.swift */; };
		8EC006250ADECE5C32FFBE5D /* PathPolygon.swift in Sources */ = {isa = PBXBuildFile; fileRef = 10E2D9CD1BD5AC8D976E3773 /* PathPolygon.swift */; };
		94EF18345B900CA5FC1CB74A /* (null) in Sources */ = {isa = PBXBuildFile; };
		BA01552BF83F766610D089F5 /* (null) in Sources */ = {isa = PBXBuildFile; };
/* End PBXBuildFile section */

/* Begin PBXContainerItemProxy section */
		601FC21128CAF417008E02BD /* PBXContainerItemProxy */ = {
			isa = PBXContainerItemProxy;
			containerPortal = 601FC1F228CAF416008E02BD /* Project object */;
			proxyType = 1;
			remoteGlobalIDString = 601FC1F928CAF416008E02BD;
			remoteInfo = "Mine-Renew";
		};
		601FC21B28CAF417008E02BD /* PBXContainerItemProxy */ = {
			isa = PBXContainerItemProxy;
			containerPortal = 601FC1F228CAF416008E02BD /* Project object */;
			proxyType = 1;
			remoteGlobalIDString = 601FC1F928CAF416008E02BD;
			remoteInfo = "Mine-Renew";
		};
/* End PBXContainerItemProxy section */

/* Begin PBXFileReference section */
		02EEDE9E5F7A9385FE0EC7E9 /* AmplifyModels.swift */ = {isa = PBXFileReference; explicitFileType = sourcecode.swift; name = AmplifyModels.swift; path = amplify/generated/models/AmplifyModels.swift; sourceTree = "<group>"; };
		1026808555BFD362CEFC32FD /* amplifyconfiguration.json */ = {isa = PBXFileReference; explicitFileType = text.json; path = amplifyconfiguration.json; sourceTree = "<group>"; };
		10E2D9CD1BD5AC8D976E3773 /* PathPolygon.swift */ = {isa = PBXFileReference; explicitFileType = sourcecode.swift; name = PathPolygon.swift; path = amplify/generated/models/PathPolygon.swift; sourceTree = "<group>"; };
		362B26CC6485503DE5FB67A3 /* WalkingCoordinate.swift */ = {isa = PBXFileReference; explicitFileType = sourcecode.swift; name = WalkingCoordinate.swift; path = amplify/generated/models/WalkingCoordinate.swift; sourceTree = "<group>"; };
		4B8F05DE7EA343B729271A7B /* awsconfiguration.json */ = {isa = PBXFileReference; explicitFileType = text.json; path = awsconfiguration.json; sourceTree = "<group>"; };
		601FC1FA28CAF416008E02BD /* Mine-Renew.app */ = {isa = PBXFileReference; explicitFileType = wrapper.application; includeInIndex = 0; path = "Mine-Renew.app"; sourceTree = BUILT_PRODUCTS_DIR; };
		601FC1FD28CAF416008E02BD /* AppDelegate.swift */ = {isa = PBXFileReference; lastKnownFileType = sourcecode.swift; path = AppDelegate.swift; sourceTree = "<group>"; };
		601FC1FF28CAF416008E02BD /* SceneDelegate.swift */ = {isa = PBXFileReference; lastKnownFileType = sourcecode.swift; path = SceneDelegate.swift; sourceTree = "<group>"; };
		601FC20128CAF416008E02BD /* MainViewController.swift */ = {isa = PBXFileReference; lastKnownFileType = sourcecode.swift; path = MainViewController.swift; sourceTree = "<group>"; };
		601FC20428CAF416008E02BD /* Base */ = {isa = PBXFileReference; lastKnownFileType = file.storyboard; name = Base; path = Base.lproj/Main.storyboard; sourceTree = "<group>"; };
		601FC20628CAF417008E02BD /* Assets.xcassets */ = {isa = PBXFileReference; lastKnownFileType = folder.assetcatalog; path = Assets.xcassets; sourceTree = "<group>"; };
		601FC20928CAF417008E02BD /* Base */ = {isa = PBXFileReference; lastKnownFileType = file.storyboard; name = Base; path = Base.lproj/LaunchScreen.storyboard; sourceTree = "<group>"; };
		601FC20B28CAF417008E02BD /* Info.plist */ = {isa = PBXFileReference; lastKnownFileType = text.plist.xml; path = Info.plist; sourceTree = "<group>"; };
		601FC21028CAF417008E02BD /* Mine-RenewTests.xctest */ = {isa = PBXFileReference; explicitFileType = wrapper.cfbundle; includeInIndex = 0; path = "Mine-RenewTests.xctest"; sourceTree = BUILT_PRODUCTS_DIR; };
		601FC21428CAF417008E02BD /* Mine_RenewTests.swift */ = {isa = PBXFileReference; lastKnownFileType = sourcecode.swift; path = Mine_RenewTests.swift; sourceTree = "<group>"; };
		601FC21A28CAF417008E02BD /* Mine-RenewUITests.xctest */ = {isa = PBXFileReference; explicitFileType = wrapper.cfbundle; includeInIndex = 0; path = "Mine-RenewUITests.xctest"; sourceTree = BUILT_PRODUCTS_DIR; };
		601FC21E28CAF417008E02BD /* Mine_RenewUITests.swift */ = {isa = PBXFileReference; lastKnownFileType = sourcecode.swift; path = Mine_RenewUITests.swift; sourceTree = "<group>"; };
		601FC22028CAF417008E02BD /* Mine_RenewUITestsLaunchTests.swift */ = {isa = PBXFileReference; lastKnownFileType = sourcecode.swift; path = Mine_RenewUITestsLaunchTests.swift; sourceTree = "<group>"; };
		605E11F1290D2AC600DF125F /* amplify/generated/models/PathPolygon.swift */ = {isa = PBXFileReference; fileEncoding = 4; lastKnownFileType = sourcecode.swift; path = amplify/generated/models/PathPolygon.swift; sourceTree = "<group>"; };
		605E11F2290D2AC600DF125F /* amplify/generated/models/AmplifyModels.swift */ = {isa = PBXFileReference; fileEncoding = 4; lastKnownFileType = sourcecode.swift; path = amplify/generated/models/AmplifyModels.swift; sourceTree = "<group>"; };
		605E11F5290D2AC600DF125F /* amplify/generated/models/WalkingCoordinate+Schema.swift */ = {isa = PBXFileReference; fileEncoding = 4; lastKnownFileType = sourcecode.swift; path = "amplify/generated/models/WalkingCoordinate+Schema.swift"; sourceTree = "<group>"; };
		605E11F6290D2AC600DF125F /* amplify/generated/models/PathPolygon+Schema.swift */ = {isa = PBXFileReference; fileEncoding = 4; lastKnownFileType = sourcecode.swift; path = "amplify/generated/models/PathPolygon+Schema.swift"; sourceTree = "<group>"; };
		605E11F7290D2AC600DF125F /* amplify/generated/models/WalkingCoordinate.swift */ = {isa = PBXFileReference; fileEncoding = 4; lastKnownFileType = sourcecode.swift; path = amplify/generated/models/WalkingCoordinate.swift; sourceTree = "<group>"; };
		605E1208290D33FD00DF125F /* amplify/generated/models/PathPolygon.swift */ = {isa = PBXFileReference; fileEncoding = 4; lastKnownFileType = sourcecode.swift; path = amplify/generated/models/PathPolygon.swift; sourceTree = "<group>"; };
		605E1209290D33FD00DF125F /* amplify/generated/models/PathPolygon+Schema.swift */ = {isa = PBXFileReference; fileEncoding = 4; lastKnownFileType = sourcecode.swift; path = "amplify/generated/models/PathPolygon+Schema.swift"; sourceTree = "<group>"; };
		605E1210290D37A200DF125F /* amplify/generated/models/WalkingCoordinate+Schema.swift */ = {isa = PBXFileReference; fileEncoding = 4; lastKnownFileType = sourcecode.swift; path = "amplify/generated/models/WalkingCoordinate+Schema.swift"; sourceTree = "<group>"; };
		605E1211290D37A200DF125F /* amplify/generated/models/WalkingCoordinate.swift */ = {isa = PBXFileReference; fileEncoding = 4; lastKnownFileType = sourcecode.swift; path = amplify/generated/models/WalkingCoordinate.swift; sourceTree = "<group>"; };
		605E1219290E4A7500DF125F /* amplify/generated/models/PathPolygon.swift */ = {isa = PBXFileReference; fileEncoding = 4; lastKnownFileType = sourcecode.swift; path = amplify/generated/models/PathPolygon.swift; sourceTree = "<group>"; };
		605E121E290E636F00DF125F /* amplify/generated/models/MyProfile.swift */ = {isa = PBXFileReference; fileEncoding = 4; lastKnownFileType = sourcecode.swift; path = amplify/generated/models/MyProfile.swift; sourceTree = "<group>"; };
		605E121F290E636F00DF125F /* amplify/generated/models/MyProfile+Schema.swift */ = {isa = PBXFileReference; fileEncoding = 4; lastKnownFileType = sourcecode.swift; path = "amplify/generated/models/MyProfile+Schema.swift"; sourceTree = "<group>"; };
		605E1227290E64D700DF125F /* amplify/generated/models/PathPolygon.swift */ = {isa = PBXFileReference; fileEncoding = 4; lastKnownFileType = sourcecode.swift; path = amplify/generated/models/PathPolygon.swift; sourceTree = "<group>"; };
		605E1234290E651500DF125F /* amplify/generated/models/PathPolygon+Schema.swift */ = {isa = PBXFileReference; fileEncoding = 4; lastKnownFileType = sourcecode.swift; path = "amplify/generated/models/PathPolygon+Schema.swift"; sourceTree = "<group>"; };
		6075116C28CE12070027D13F /* Backend.swift */ = {isa = PBXFileReference; lastKnownFileType = sourcecode.swift; path = Backend.swift; sourceTree = "<group>"; };
		6075119828CEEDF50027D13F /* amplifyconfiguration.json */ = {isa = PBXFileReference; fileEncoding = 4; lastKnownFileType = text.json; path = amplifyconfiguration.json; sourceTree = "<group>"; };
		6075119928CEEDF50027D13F /* awsconfiguration.json */ = {isa = PBXFileReference; fileEncoding = 4; lastKnownFileType = text.json; path = awsconfiguration.json; sourceTree = "<group>"; };
		60AB0EF328CDAC480095D921 /* AppleLoginViewController.swift */ = {isa = PBXFileReference; lastKnownFileType = sourcecode.swift; path = AppleLoginViewController.swift; sourceTree = "<group>"; };
		60AB0EF528CDAC960095D921 /* AppleLoginViewController.storyboard */ = {isa = PBXFileReference; lastKnownFileType = file.storyboard; path = AppleLoginViewController.storyboard; sourceTree = "<group>"; };
		60AB0EF728CDAF710095D921 /* Mine-Renew.entitlements */ = {isa = PBXFileReference; lastKnownFileType = text.plist.entitlements; path = "Mine-Renew.entitlements"; sourceTree = "<group>"; };
		60D16A85290E6732006B20CD /* amplify/generated/models/PathPolygon.swift */ = {isa = PBXFileReference; fileEncoding = 4; lastKnownFileType = sourcecode.swift; path = amplify/generated/models/PathPolygon.swift; sourceTree = "<group>"; };
		60D16A86290E6732006B20CD /* amplify/generated/models/MineUser+Schema.swift */ = {isa = PBXFileReference; fileEncoding = 4; lastKnownFileType = sourcecode.swift; path = "amplify/generated/models/MineUser+Schema.swift"; sourceTree = "<group>"; };
		60D16A87290E6732006B20CD /* amplify/generated/models/AmplifyModels.swift */ = {isa = PBXFileReference; fileEncoding = 4; lastKnownFileType = sourcecode.swift; path = amplify/generated/models/AmplifyModels.swift; sourceTree = "<group>"; };
		60D16A88290E6732006B20CD /* amplify/generated/models/MineUser.swift */ = {isa = PBXFileReference; fileEncoding = 4; lastKnownFileType = sourcecode.swift; path = amplify/generated/models/MineUser.swift; sourceTree = "<group>"; };
		60D16A89290E6732006B20CD /* amplify/generated/models/MyProfile.swift */ = {isa = PBXFileReference; fileEncoding = 4; lastKnownFileType = sourcecode.swift; path = amplify/generated/models/MyProfile.swift; sourceTree = "<group>"; };
		60D16A8A290E6732006B20CD /* amplify/generated/models/WalkingCoordinate+Schema.swift */ = {isa = PBXFileReference; fileEncoding = 4; lastKnownFileType = sourcecode.swift; path = "amplify/generated/models/WalkingCoordinate+Schema.swift"; sourceTree = "<group>"; };
		60D16A8B290E6732006B20CD /* amplify/generated/models/MyProfile+Schema.swift */ = {isa = PBXFileReference; fileEncoding = 4; lastKnownFileType = sourcecode.swift; path = "amplify/generated/models/MyProfile+Schema.swift"; sourceTree = "<group>"; };
		60D16A8C290E6732006B20CD /* amplify/generated/models/PathPolygon+Schema.swift */ = {isa = PBXFileReference; fileEncoding = 4; lastKnownFileType = sourcecode.swift; path = "amplify/generated/models/PathPolygon+Schema.swift"; sourceTree = "<group>"; };
		60D16A8D290E6732006B20CD /* amplify/generated/models/WalkingCoordinate.swift */ = {isa = PBXFileReference; fileEncoding = 4; lastKnownFileType = sourcecode.swift; path = amplify/generated/models/WalkingCoordinate.swift; sourceTree = "<group>"; };
		60EFE42A28CC4811001A272C /* MapViewController.storyboard */ = {isa = PBXFileReference; lastKnownFileType = file.storyboard; path = MapViewController.storyboard; sourceTree = "<group>"; };
		60EFE42C28CC4819001A272C /* MapViewController.swift */ = {isa = PBXFileReference; lastKnownFileType = sourcecode.swift; path = MapViewController.swift; sourceTree = "<group>"; };
		60EFE43028CC4F28001A272C /* MKMapView+Ext.swift */ = {isa = PBXFileReference; lastKnownFileType = sourcecode.swift; path = "MKMapView+Ext.swift"; sourceTree = "<group>"; };
		60EFE43228CC6D7A001A272C /* AppColor.swift */ = {isa = PBXFileReference; lastKnownFileType = sourcecode.swift; path = AppColor.swift; sourceTree = "<group>"; };
		60EFE43428CC6DB9001A272C /* UIColor+Ext.swift */ = {isa = PBXFileReference; lastKnownFileType = sourcecode.swift; path = "UIColor+Ext.swift"; sourceTree = "<group>"; };
		60EFE43E28CCE995001A272C /* WalkingCompleteModalView.swift */ = {isa = PBXFileReference; lastKnownFileType = sourcecode.swift; path = WalkingCompleteModalView.swift; sourceTree = "<group>"; };
		60EFE44028CCE9B9001A272C /* WalkingCompleteModalView.xib */ = {isa = PBXFileReference; lastKnownFileType = file.xib; path = WalkingCompleteModalView.xib; sourceTree = "<group>"; };
		679D3A60E5228FD4CB3D1E8A /* WalkingCoordinate+Schema.swift */ = {isa = PBXFileReference; explicitFileType = sourcecode.swift; name = "WalkingCoordinate+Schema.swift"; path = "amplify/generated/models/WalkingCoordinate+Schema.swift"; sourceTree = "<group>"; };
		6C506EE96B3626C55CDA4B85 /* PathPolygon+Schema.swift */ = {isa = PBXFileReference; explicitFileType = sourcecode.swift; name = "PathPolygon+Schema.swift"; path = "amplify/generated/models/PathPolygon+Schema.swift"; sourceTree = "<group>"; };
		B9C9659CA043DDE5E4436CD7 /* MyProfile.swift */ = {isa = PBXFileReference; explicitFileType = sourcecode.swift; name = MyProfile.swift; path = amplify/generated/models/MyProfile.swift; sourceTree = "<group>"; };
		BBFB4C4BEEA344423148683A /* MineUser.swift */ = {isa = PBXFileReference; explicitFileType = sourcecode.swift; name = MineUser.swift; path = amplify/generated/models/MineUser.swift; sourceTree = "<group>"; };
		CABCB13A5ADCA2688A5A9E6E /* MineUser+Schema.swift */ = {isa = PBXFileReference; explicitFileType = sourcecode.swift; name = "MineUser+Schema.swift"; path = "amplify/generated/models/MineUser+Schema.swift"; sourceTree = "<group>"; };
		E9B553A9AFDAAEE0795844E8 /* MyProfile+Schema.swift */ = {isa = PBXFileReference; explicitFileType = sourcecode.swift; name = "MyProfile+Schema.swift"; path = "amplify/generated/models/MyProfile+Schema.swift"; sourceTree = "<group>"; };
/* End PBXFileReference section */

/* Begin PBXFrameworksBuildPhase section */
		601FC1F728CAF416008E02BD /* Frameworks */ = {
			isa = PBXFrameworksBuildPhase;
			buildActionMask = 2147483647;
			files = (
				605E1205290D2C0900DF125F /* AWSPluginsCore in Frameworks */,
				605E1207290D2C0900DF125F /* Amplify in Frameworks */,
				605E1201290D2C0900DF125F /* AWSAPIPlugin in Frameworks */,
				606201AA28D8AB33005A4668 /* Lottie in Frameworks */,
				605E1203290D2C0900DF125F /* AWSCognitoAuthPlugin in Frameworks */,
				60D16A9A290E6EA9006B20CD /* IQKeyboardManagerSwift in Frameworks */,
			);
			runOnlyForDeploymentPostprocessing = 0;
		};
		601FC20D28CAF417008E02BD /* Frameworks */ = {
			isa = PBXFrameworksBuildPhase;
			buildActionMask = 2147483647;
			files = (
			);
			runOnlyForDeploymentPostprocessing = 0;
		};
		601FC21728CAF417008E02BD /* Frameworks */ = {
			isa = PBXFrameworksBuildPhase;
			buildActionMask = 2147483647;
			files = (
			);
			runOnlyForDeploymentPostprocessing = 0;
		};
/* End PBXFrameworksBuildPhase section */

/* Begin PBXGroup section */
		601FC1F128CAF416008E02BD = {
			isa = PBXGroup;
			children = (
				6075119828CEEDF50027D13F /* amplifyconfiguration.json */,
				6075119928CEEDF50027D13F /* awsconfiguration.json */,
				601FC1FC28CAF416008E02BD /* Mine-Renew */,
				601FC21328CAF417008E02BD /* Mine-RenewTests */,
				601FC21D28CAF417008E02BD /* Mine-RenewUITests */,
				601FC1FB28CAF416008E02BD /* Products */,
				CBA76A74D0666B3753C63C50 /* AmplifyConfig */,
				6C67D47E25413E5D78C99B33 /* AmplifyModels */,
			);
			sourceTree = "<group>";
		};
		601FC1FB28CAF416008E02BD /* Products */ = {
			isa = PBXGroup;
			children = (
				601FC1FA28CAF416008E02BD /* Mine-Renew.app */,
				601FC21028CAF417008E02BD /* Mine-RenewTests.xctest */,
				601FC21A28CAF417008E02BD /* Mine-RenewUITests.xctest */,
			);
			name = Products;
			sourceTree = "<group>";
		};
		601FC1FC28CAF416008E02BD /* Mine-Renew */ = {
			isa = PBXGroup;
			children = (
				60AB0EF728CDAF710095D921 /* Mine-Renew.entitlements */,
				60EFE42F28CC49FC001A272C /* AppDelegate */,
				601FC23228CAF477008E02BD /* Extensions */,
				601FC23128CAF46F008E02BD /* Enums */,
				601FC23028CAF467008E02BD /* Common */,
				601FC22F28CAF451008E02BD /* Network */,
				601FC22E28CAF448008E02BD /* Utils */,
				601FC22D28CAF441008E02BD /* ViewControllers */,
				601FC20628CAF417008E02BD /* Assets.xcassets */,
				601FC20828CAF417008E02BD /* LaunchScreen.storyboard */,
				601FC20B28CAF417008E02BD /* Info.plist */,
			);
			path = "Mine-Renew";
			sourceTree = "<group>";
		};
		601FC21328CAF417008E02BD /* Mine-RenewTests */ = {
			isa = PBXGroup;
			children = (
				601FC21428CAF417008E02BD /* Mine_RenewTests.swift */,
			);
			path = "Mine-RenewTests";
			sourceTree = "<group>";
		};
		601FC21D28CAF417008E02BD /* Mine-RenewUITests */ = {
			isa = PBXGroup;
			children = (
				601FC21E28CAF417008E02BD /* Mine_RenewUITests.swift */,
				601FC22028CAF417008E02BD /* Mine_RenewUITestsLaunchTests.swift */,
			);
			path = "Mine-RenewUITests";
			sourceTree = "<group>";
		};
		601FC22D28CAF441008E02BD /* ViewControllers */ = {
			isa = PBXGroup;
			children = (
				60EFE43A28CC7BE9001A272C /* History */,
				60EFE43928CC7BE1001A272C /* NickName */,
				60EFE43828CC7BD0001A272C /* Profile */,
				60EFE43728CC7BC5001A272C /* Ranking */,
				60EFE43628CC7BBB001A272C /* AppleLogin */,
				60EFE42E28CC49F4001A272C /* Main */,
				60EFE42928CC4807001A272C /* Map */,
			);
			path = ViewControllers;
			sourceTree = "<group>";
		};
		601FC22E28CAF448008E02BD /* Utils */ = {
			isa = PBXGroup;
			children = (
			);
			path = Utils;
			sourceTree = "<group>";
		};
		601FC22F28CAF451008E02BD /* Network */ = {
			isa = PBXGroup;
			children = (
				60D16A84290E6732006B20CD /* models */,
				6075116B28CE11FB0027D13F /* Backend */,
				601FC23528CAF496008E02BD /* API */,
				601FC23428CAF48A008E02BD /* Repository */,
			);
			path = Network;
			sourceTree = "<group>";
		};
		601FC23028CAF467008E02BD /* Common */ = {
			isa = PBXGroup;
			children = (
				60EFE43D28CCE97D001A272C /* Modal */,
			);
			path = Common;
			sourceTree = "<group>";
		};
		601FC23128CAF46F008E02BD /* Enums */ = {
			isa = PBXGroup;
			children = (
				60EFE43228CC6D7A001A272C /* AppColor.swift */,
			);
			path = Enums;
			sourceTree = "<group>";
		};
		601FC23228CAF477008E02BD /* Extensions */ = {
			isa = PBXGroup;
			children = (
				60EFE43028CC4F28001A272C /* MKMapView+Ext.swift */,
				60EFE43428CC6DB9001A272C /* UIColor+Ext.swift */,
			);
			path = Extensions;
			sourceTree = "<group>";
		};
		601FC23428CAF48A008E02BD /* Repository */ = {
			isa = PBXGroup;
			children = (
			);
			path = Repository;
			sourceTree = "<group>";
		};
		601FC23528CAF496008E02BD /* API */ = {
			isa = PBXGroup;
			children = (
			);
			path = API;
			sourceTree = "<group>";
		};
		6075116B28CE11FB0027D13F /* Backend */ = {
			isa = PBXGroup;
			children = (
				6075116C28CE12070027D13F /* Backend.swift */,
			);
			path = Backend;
			sourceTree = "<group>";
		};
		60D16A84290E6732006B20CD /* models */ = {
			isa = PBXGroup;
			children = (
			);
			name = models;
			path = amplify/generated/models;
			sourceTree = SOURCE_ROOT;
		};
		60EFE42928CC4807001A272C /* Map */ = {
			isa = PBXGroup;
			children = (
				60EFE42A28CC4811001A272C /* MapViewController.storyboard */,
				60EFE42C28CC4819001A272C /* MapViewController.swift */,
			);
			path = Map;
			sourceTree = "<group>";
		};
		60EFE42E28CC49F4001A272C /* Main */ = {
			isa = PBXGroup;
			children = (
				601FC20128CAF416008E02BD /* MainViewController.swift */,
				601FC20328CAF416008E02BD /* Main.storyboard */,
			);
			path = Main;
			sourceTree = "<group>";
		};
		60EFE42F28CC49FC001A272C /* AppDelegate */ = {
			isa = PBXGroup;
			children = (
				601FC1FD28CAF416008E02BD /* AppDelegate.swift */,
				601FC1FF28CAF416008E02BD /* SceneDelegate.swift */,
			);
			path = AppDelegate;
			sourceTree = "<group>";
		};
		60EFE43628CC7BBB001A272C /* AppleLogin */ = {
			isa = PBXGroup;
			children = (
				60AB0EF328CDAC480095D921 /* AppleLoginViewController.swift */,
				60AB0EF528CDAC960095D921 /* AppleLoginViewController.storyboard */,
			);
			path = AppleLogin;
			sourceTree = "<group>";
		};
		60EFE43728CC7BC5001A272C /* Ranking */ = {
			isa = PBXGroup;
			children = (
			);
			path = Ranking;
			sourceTree = "<group>";
		};
		60EFE43828CC7BD0001A272C /* Profile */ = {
			isa = PBXGroup;
			children = (
			);
			path = Profile;
			sourceTree = "<group>";
		};
		60EFE43928CC7BE1001A272C /* NickName */ = {
			isa = PBXGroup;
			children = (
			);
			path = NickName;
			sourceTree = "<group>";
		};
		60EFE43A28CC7BE9001A272C /* History */ = {
			isa = PBXGroup;
			children = (
			);
			path = History;
			sourceTree = "<group>";
		};
		60EFE43D28CCE97D001A272C /* Modal */ = {
			isa = PBXGroup;
			children = (
				60EFE43E28CCE995001A272C /* WalkingCompleteModalView.swift */,
				60EFE44028CCE9B9001A272C /* WalkingCompleteModalView.xib */,
			);
			path = Modal;
			sourceTree = "<group>";
		};
		6C67D47E25413E5D78C99B33 /* AmplifyModels */ = {
			isa = PBXGroup;
			children = (
				02EEDE9E5F7A9385FE0EC7E9 /* AmplifyModels.swift */,
				6C506EE96B3626C55CDA4B85 /* PathPolygon+Schema.swift */,
				10E2D9CD1BD5AC8D976E3773 /* PathPolygon.swift */,
				679D3A60E5228FD4CB3D1E8A /* WalkingCoordinate+Schema.swift */,
				362B26CC6485503DE5FB67A3 /* WalkingCoordinate.swift */,
				605E11F6290D2AC600DF125F /* amplify/generated/models/PathPolygon+Schema.swift */,
				605E11F1290D2AC600DF125F /* amplify/generated/models/PathPolygon.swift */,
				605E11F5290D2AC600DF125F /* amplify/generated/models/WalkingCoordinate+Schema.swift */,
				605E11F7290D2AC600DF125F /* amplify/generated/models/WalkingCoordinate.swift */,
				605E1209290D33FD00DF125F /* amplify/generated/models/PathPolygon+Schema.swift */,
				605E1208290D33FD00DF125F /* amplify/generated/models/PathPolygon.swift */,
				605E11F2290D2AC600DF125F /* amplify/generated/models/AmplifyModels.swift */,
				E9B553A9AFDAAEE0795844E8 /* MyProfile+Schema.swift */,
				B9C9659CA043DDE5E4436CD7 /* MyProfile.swift */,
				605E121F290E636F00DF125F /* amplify/generated/models/MyProfile+Schema.swift */,
				605E121E290E636F00DF125F /* amplify/generated/models/MyProfile.swift */,
				605E1219290E4A7500DF125F /* amplify/generated/models/PathPolygon.swift */,
				605E1211290D37A200DF125F /* amplify/generated/models/WalkingCoordinate.swift */,
				CABCB13A5ADCA2688A5A9E6E /* MineUser+Schema.swift */,
				BBFB4C4BEEA344423148683A /* MineUser.swift */,
				605E1227290E64D700DF125F /* amplify/generated/models/PathPolygon.swift */,
				605E1210290D37A200DF125F /* amplify/generated/models/WalkingCoordinate+Schema.swift */,
				605E1234290E651500DF125F /* amplify/generated/models/PathPolygon+Schema.swift */,
				60D16A87290E6732006B20CD /* amplify/generated/models/AmplifyModels.swift */,
				60D16A86290E6732006B20CD /* amplify/generated/models/MineUser+Schema.swift */,
				60D16A8B290E6732006B20CD /* amplify/generated/models/MyProfile+Schema.swift */,
				60D16A88290E6732006B20CD /* amplify/generated/models/MineUser.swift */,
				60D16A85290E6732006B20CD /* amplify/generated/models/PathPolygon.swift */,
				60D16A8A290E6732006B20CD /* amplify/generated/models/WalkingCoordinate+Schema.swift */,
				60D16A8C290E6732006B20CD /* amplify/generated/models/PathPolygon+Schema.swift */,
				60D16A89290E6732006B20CD /* amplify/generated/models/MyProfile.swift */,
				60D16A8D290E6732006B20CD /* amplify/generated/models/WalkingCoordinate.swift */,
			);
			name = AmplifyModels;
			sourceTree = "<group>";
		};
		CBA76A74D0666B3753C63C50 /* AmplifyConfig */ = {
			isa = PBXGroup;
			children = (
				4B8F05DE7EA343B729271A7B /* awsconfiguration.json */,
				1026808555BFD362CEFC32FD /* amplifyconfiguration.json */,
			);
			name = AmplifyConfig;
			sourceTree = "<group>";
		};
/* End PBXGroup section */

/* Begin PBXNativeTarget section */
		601FC1F928CAF416008E02BD /* Mine-Renew */ = {
			isa = PBXNativeTarget;
			buildConfigurationList = 601FC22428CAF417008E02BD /* Build configuration list for PBXNativeTarget "Mine-Renew" */;
			buildPhases = (
				601FC1F628CAF416008E02BD /* Sources */,
				601FC1F728CAF416008E02BD /* Frameworks */,
				601FC1F828CAF416008E02BD /* Resources */,
			);
			buildRules = (
			);
			dependencies = (
			);
			name = "Mine-Renew";
			packageProductDependencies = (
				606201A928D8AB33005A4668 /* Lottie */,
				605E1200290D2C0900DF125F /* AWSAPIPlugin */,
				605E1202290D2C0900DF125F /* AWSCognitoAuthPlugin */,
				605E1204290D2C0900DF125F /* AWSPluginsCore */,
				605E1206290D2C0900DF125F /* Amplify */,
				60D16A99290E6EA9006B20CD /* IQKeyboardManagerSwift */,
			);
			productName = "Mine-Renew";
			productReference = 601FC1FA28CAF416008E02BD /* Mine-Renew.app */;
			productType = "com.apple.product-type.application";
		};
		601FC20F28CAF417008E02BD /* Mine-RenewTests */ = {
			isa = PBXNativeTarget;
			buildConfigurationList = 601FC22728CAF417008E02BD /* Build configuration list for PBXNativeTarget "Mine-RenewTests" */;
			buildPhases = (
				601FC20C28CAF417008E02BD /* Sources */,
				601FC20D28CAF417008E02BD /* Frameworks */,
				601FC20E28CAF417008E02BD /* Resources */,
			);
			buildRules = (
			);
			dependencies = (
				601FC21228CAF417008E02BD /* PBXTargetDependency */,
			);
			name = "Mine-RenewTests";
			productName = "Mine-RenewTests";
			productReference = 601FC21028CAF417008E02BD /* Mine-RenewTests.xctest */;
			productType = "com.apple.product-type.bundle.unit-test";
		};
		601FC21928CAF417008E02BD /* Mine-RenewUITests */ = {
			isa = PBXNativeTarget;
			buildConfigurationList = 601FC22A28CAF417008E02BD /* Build configuration list for PBXNativeTarget "Mine-RenewUITests" */;
			buildPhases = (
				601FC21628CAF417008E02BD /* Sources */,
				601FC21728CAF417008E02BD /* Frameworks */,
				601FC21828CAF417008E02BD /* Resources */,
			);
			buildRules = (
			);
			dependencies = (
				601FC21C28CAF417008E02BD /* PBXTargetDependency */,
			);
			name = "Mine-RenewUITests";
			productName = "Mine-RenewUITests";
			productReference = 601FC21A28CAF417008E02BD /* Mine-RenewUITests.xctest */;
			productType = "com.apple.product-type.bundle.ui-testing";
		};
/* End PBXNativeTarget section */

/* Begin PBXProject section */
		601FC1F228CAF416008E02BD /* Project object */ = {
			isa = PBXProject;
			attributes = {
				BuildIndependentTargetsInParallel = 1;
				LastSwiftUpdateCheck = 1340;
				LastUpgradeCheck = 1340;
				TargetAttributes = {
					601FC1F928CAF416008E02BD = {
						CreatedOnToolsVersion = 13.4.1;
					};
					601FC20F28CAF417008E02BD = {
						CreatedOnToolsVersion = 13.4.1;
						TestTargetID = 601FC1F928CAF416008E02BD;
					};
					601FC21928CAF417008E02BD = {
						CreatedOnToolsVersion = 13.4.1;
						TestTargetID = 601FC1F928CAF416008E02BD;
					};
				};
			};
			buildConfigurationList = 601FC1F528CAF416008E02BD /* Build configuration list for PBXProject "Mine-Renew" */;
			compatibilityVersion = "Xcode 13.0";
			developmentRegion = en;
			hasScannedForEncodings = 0;
			knownRegions = (
				en,
				Base,
			);
			mainGroup = 601FC1F128CAF416008E02BD;
			packageReferences = (
				606201A828D8AB33005A4668 /* XCRemoteSwiftPackageReference "lottie-ios" */,
				605E11FF290D2C0900DF125F /* XCRemoteSwiftPackageReference "amplify-ios" */,
				60D16A98290E6EA9006B20CD /* XCRemoteSwiftPackageReference "IQKeyboardManager" */,
			);
			productRefGroup = 601FC1FB28CAF416008E02BD /* Products */;
			projectDirPath = "";
			projectRoot = "";
			targets = (
				601FC1F928CAF416008E02BD /* Mine-Renew */,
				601FC20F28CAF417008E02BD /* Mine-RenewTests */,
				601FC21928CAF417008E02BD /* Mine-RenewUITests */,
			);
		};
/* End PBXProject section */

/* Begin PBXResourcesBuildPhase section */
		601FC1F828CAF416008E02BD /* Resources */ = {
			isa = PBXResourcesBuildPhase;
			buildActionMask = 2147483647;
			files = (
				6075119B28CEEDF50027D13F /* awsconfiguration.json in Resources */,
				60EFE44128CCE9B9001A272C /* WalkingCompleteModalView.xib in Resources */,
				60EFE42B28CC4811001A272C /* MapViewController.storyboard in Resources */,
				60AB0EF628CDAC960095D921 /* AppleLoginViewController.storyboard in Resources */,
				601FC20A28CAF417008E02BD /* LaunchScreen.storyboard in Resources */,
				601FC20728CAF417008E02BD /* Assets.xcassets in Resources */,
				601FC20528CAF416008E02BD /* Main.storyboard in Resources */,
				28D865DE4363F0C3EDB663D6 /* awsconfiguration.json in Resources */,
				6075119A28CEEDF50027D13F /* amplifyconfiguration.json in Resources */,
				0AEC643917270A217F2C54DF /* amplifyconfiguration.json in Resources */,
			);
			runOnlyForDeploymentPostprocessing = 0;
		};
		601FC20E28CAF417008E02BD /* Resources */ = {
			isa = PBXResourcesBuildPhase;
			buildActionMask = 2147483647;
			files = (
			);
			runOnlyForDeploymentPostprocessing = 0;
		};
		601FC21828CAF417008E02BD /* Resources */ = {
			isa = PBXResourcesBuildPhase;
			buildActionMask = 2147483647;
			files = (
			);
			runOnlyForDeploymentPostprocessing = 0;
		};
/* End PBXResourcesBuildPhase section */

/* Begin PBXSourcesBuildPhase section */
		601FC1F628CAF416008E02BD /* Sources */ = {
			isa = PBXSourcesBuildPhase;
			buildActionMask = 2147483647;
			files = (
				605E11F9290D2AC600DF125F /* amplify/generated/models/AmplifyModels.swift in Sources */,
				60D16A92290E6732006B20CD /* amplify/generated/models/MyProfile.swift in Sources */,
				605E121B290E4A7500DF125F /* amplify/generated/models/PathPolygon.swift in Sources */,
				605E123D290E651500DF125F /* amplify/generated/models/PathPolygon+Schema.swift in Sources */,
				60D16A95290E6732006B20CD /* amplify/generated/models/PathPolygon+Schema.swift in Sources */,
				60EFE43528CC6DB9001A272C /* UIColor+Ext.swift in Sources */,
				60AB0EF428CDAC480095D921 /* AppleLoginViewController.swift in Sources */,
				60EFE43F28CCE995001A272C /* WalkingCompleteModalView.swift in Sources */,
				605E11F8290D2AC600DF125F /* amplify/generated/models/PathPolygon.swift in Sources */,
				601FC20228CAF416008E02BD /* MainViewController.swift in Sources */,
				60D16A93290E6732006B20CD /* amplify/generated/models/WalkingCoordinate+Schema.swift in Sources */,
				605E11FC290D2AC600DF125F /* amplify/generated/models/WalkingCoordinate+Schema.swift in Sources */,
				6075116D28CE12070027D13F /* Backend.swift in Sources */,
				60EFE43328CC6D7A001A272C /* AppColor.swift in Sources */,
				605E1212290D37A200DF125F /* amplify/generated/models/WalkingCoordinate+Schema.swift in Sources */,
				601FC1FE28CAF416008E02BD /* AppDelegate.swift in Sources */,
				60D16A8F290E6732006B20CD /* amplify/generated/models/MineUser+Schema.swift in Sources */,
				605E11FD290D2AC600DF125F /* amplify/generated/models/PathPolygon+Schema.swift in Sources */,
				60D16A90290E6732006B20CD /* amplify/generated/models/AmplifyModels.swift in Sources */,
				60D16A8E290E6732006B20CD /* amplify/generated/models/PathPolygon.swift in Sources */,
				60EFE43128CC4F28001A272C /* MKMapView+Ext.swift in Sources */,
				605E1223290E636F00DF125F /* amplify/generated/models/MyProfile+Schema.swift in Sources */,
				601FC20028CAF416008E02BD /* SceneDelegate.swift in Sources */,
				60EFE42D28CC4819001A272C /* MapViewController.swift in Sources */,
				2918EF89650A676156EADC47 /* AmplifyModels.swift in Sources */,
				351BE0B147BF116197548077 /* PathPolygon+Schema.swift in Sources */,
				8EC006250ADECE5C32FFBE5D /* PathPolygon.swift in Sources */,
				60D16A96290E6733006B20CD /* amplify/generated/models/WalkingCoordinate.swift in Sources */,
				605E120B290D33FD00DF125F /* amplify/generated/models/PathPolygon+Schema.swift in Sources */,
				BA01552BF83F766610D089F5 /* (null) in Sources */,
				605E1213290D37A200DF125F /* amplify/generated/models/WalkingCoordinate.swift in Sources */,
				94EF18345B900CA5FC1CB74A /* (null) in Sources */,
				0F91A3F497CD10DA78B96153 /* WalkingCoordinate+Schema.swift in Sources */,
				605E120A290D33FD00DF125F /* amplify/generated/models/PathPolygon.swift in Sources */,
				60D16A94290E6732006B20CD /* amplify/generated/models/MyProfile+Schema.swift in Sources */,
				2EA75C425ED202C68515A72B /* WalkingCoordinate.swift in Sources */,
				605E11FE290D2AC600DF125F /* amplify/generated/models/WalkingCoordinate.swift in Sources */,
				60D16A91290E6732006B20CD /* amplify/generated/models/MineUser.swift in Sources */,
				605E122B290E64D700DF125F /* amplify/generated/models/PathPolygon.swift in Sources */,
				05AE2B97FD80E7B23A56B99A /* MyProfile+Schema.swift in Sources */,
				605E1222290E636F00DF125F /* amplify/generated/models/MyProfile.swift in Sources */,
				5295A4AB14EAD16CDA444ABE /* MyProfile.swift in Sources */,
				07A5EC5AF7CB891540CE6187 /* MineUser+Schema.swift in Sources */,
				7FCCC5D87B5F3EC8BBA085B2 /* MineUser.swift in Sources */,
			);
			runOnlyForDeploymentPostprocessing = 0;
		};
		601FC20C28CAF417008E02BD /* Sources */ = {
			isa = PBXSourcesBuildPhase;
			buildActionMask = 2147483647;
			files = (
				601FC21528CAF417008E02BD /* Mine_RenewTests.swift in Sources */,
			);
			runOnlyForDeploymentPostprocessing = 0;
		};
		601FC21628CAF417008E02BD /* Sources */ = {
			isa = PBXSourcesBuildPhase;
			buildActionMask = 2147483647;
			files = (
				601FC21F28CAF417008E02BD /* Mine_RenewUITests.swift in Sources */,
				601FC22128CAF417008E02BD /* Mine_RenewUITestsLaunchTests.swift in Sources */,
			);
			runOnlyForDeploymentPostprocessing = 0;
		};
/* End PBXSourcesBuildPhase section */

/* Begin PBXTargetDependency section */
		601FC21228CAF417008E02BD /* PBXTargetDependency */ = {
			isa = PBXTargetDependency;
			target = 601FC1F928CAF416008E02BD /* Mine-Renew */;
			targetProxy = 601FC21128CAF417008E02BD /* PBXContainerItemProxy */;
		};
		601FC21C28CAF417008E02BD /* PBXTargetDependency */ = {
			isa = PBXTargetDependency;
			target = 601FC1F928CAF416008E02BD /* Mine-Renew */;
			targetProxy = 601FC21B28CAF417008E02BD /* PBXContainerItemProxy */;
		};
/* End PBXTargetDependency section */

/* Begin PBXVariantGroup section */
		601FC20328CAF416008E02BD /* Main.storyboard */ = {
			isa = PBXVariantGroup;
			children = (
				601FC20428CAF416008E02BD /* Base */,
			);
			name = Main.storyboard;
			sourceTree = "<group>";
		};
		601FC20828CAF417008E02BD /* LaunchScreen.storyboard */ = {
			isa = PBXVariantGroup;
			children = (
				601FC20928CAF417008E02BD /* Base */,
			);
			name = LaunchScreen.storyboard;
			sourceTree = "<group>";
		};
/* End PBXVariantGroup section */

/* Begin XCBuildConfiguration section */
		601FC22228CAF417008E02BD /* Debug */ = {
			isa = XCBuildConfiguration;
			buildSettings = {
				ALWAYS_SEARCH_USER_PATHS = NO;
				CLANG_ANALYZER_NONNULL = YES;
				CLANG_ANALYZER_NUMBER_OBJECT_CONVERSION = YES_AGGRESSIVE;
				CLANG_CXX_LANGUAGE_STANDARD = "gnu++17";
				CLANG_ENABLE_MODULES = YES;
				CLANG_ENABLE_OBJC_ARC = YES;
				CLANG_ENABLE_OBJC_WEAK = YES;
				CLANG_WARN_BLOCK_CAPTURE_AUTORELEASING = YES;
				CLANG_WARN_BOOL_CONVERSION = YES;
				CLANG_WARN_COMMA = YES;
				CLANG_WARN_CONSTANT_CONVERSION = YES;
				CLANG_WARN_DEPRECATED_OBJC_IMPLEMENTATIONS = YES;
				CLANG_WARN_DIRECT_OBJC_ISA_USAGE = YES_ERROR;
				CLANG_WARN_DOCUMENTATION_COMMENTS = YES;
				CLANG_WARN_EMPTY_BODY = YES;
				CLANG_WARN_ENUM_CONVERSION = YES;
				CLANG_WARN_INFINITE_RECURSION = YES;
				CLANG_WARN_INT_CONVERSION = YES;
				CLANG_WARN_NON_LITERAL_NULL_CONVERSION = YES;
				CLANG_WARN_OBJC_IMPLICIT_RETAIN_SELF = YES;
				CLANG_WARN_OBJC_LITERAL_CONVERSION = YES;
				CLANG_WARN_OBJC_ROOT_CLASS = YES_ERROR;
				CLANG_WARN_QUOTED_INCLUDE_IN_FRAMEWORK_HEADER = YES;
				CLANG_WARN_RANGE_LOOP_ANALYSIS = YES;
				CLANG_WARN_STRICT_PROTOTYPES = YES;
				CLANG_WARN_SUSPICIOUS_MOVE = YES;
				CLANG_WARN_UNGUARDED_AVAILABILITY = YES_AGGRESSIVE;
				CLANG_WARN_UNREACHABLE_CODE = YES;
				CLANG_WARN__DUPLICATE_METHOD_MATCH = YES;
				COPY_PHASE_STRIP = NO;
				DEBUG_INFORMATION_FORMAT = dwarf;
				ENABLE_STRICT_OBJC_MSGSEND = YES;
				ENABLE_TESTABILITY = YES;
				GCC_C_LANGUAGE_STANDARD = gnu11;
				GCC_DYNAMIC_NO_PIC = NO;
				GCC_NO_COMMON_BLOCKS = YES;
				GCC_OPTIMIZATION_LEVEL = 0;
				GCC_PREPROCESSOR_DEFINITIONS = (
					"DEBUG=1",
					"$(inherited)",
				);
				GCC_WARN_64_TO_32_BIT_CONVERSION = YES;
				GCC_WARN_ABOUT_RETURN_TYPE = YES_ERROR;
				GCC_WARN_UNDECLARED_SELECTOR = YES;
				GCC_WARN_UNINITIALIZED_AUTOS = YES_AGGRESSIVE;
				GCC_WARN_UNUSED_FUNCTION = YES;
				GCC_WARN_UNUSED_VARIABLE = YES;
				IPHONEOS_DEPLOYMENT_TARGET = 15.5;
				MTL_ENABLE_DEBUG_INFO = INCLUDE_SOURCE;
				MTL_FAST_MATH = YES;
				ONLY_ACTIVE_ARCH = YES;
				SDKROOT = iphoneos;
				SWIFT_ACTIVE_COMPILATION_CONDITIONS = DEBUG;
				SWIFT_OPTIMIZATION_LEVEL = "-Onone";
				SWIFT_VERSION = "";
			};
			name = Debug;
		};
		601FC22328CAF417008E02BD /* Release */ = {
			isa = XCBuildConfiguration;
			buildSettings = {
				ALWAYS_SEARCH_USER_PATHS = NO;
				CLANG_ANALYZER_NONNULL = YES;
				CLANG_ANALYZER_NUMBER_OBJECT_CONVERSION = YES_AGGRESSIVE;
				CLANG_CXX_LANGUAGE_STANDARD = "gnu++17";
				CLANG_ENABLE_MODULES = YES;
				CLANG_ENABLE_OBJC_ARC = YES;
				CLANG_ENABLE_OBJC_WEAK = YES;
				CLANG_WARN_BLOCK_CAPTURE_AUTORELEASING = YES;
				CLANG_WARN_BOOL_CONVERSION = YES;
				CLANG_WARN_COMMA = YES;
				CLANG_WARN_CONSTANT_CONVERSION = YES;
				CLANG_WARN_DEPRECATED_OBJC_IMPLEMENTATIONS = YES;
				CLANG_WARN_DIRECT_OBJC_ISA_USAGE = YES_ERROR;
				CLANG_WARN_DOCUMENTATION_COMMENTS = YES;
				CLANG_WARN_EMPTY_BODY = YES;
				CLANG_WARN_ENUM_CONVERSION = YES;
				CLANG_WARN_INFINITE_RECURSION = YES;
				CLANG_WARN_INT_CONVERSION = YES;
				CLANG_WARN_NON_LITERAL_NULL_CONVERSION = YES;
				CLANG_WARN_OBJC_IMPLICIT_RETAIN_SELF = YES;
				CLANG_WARN_OBJC_LITERAL_CONVERSION = YES;
				CLANG_WARN_OBJC_ROOT_CLASS = YES_ERROR;
				CLANG_WARN_QUOTED_INCLUDE_IN_FRAMEWORK_HEADER = YES;
				CLANG_WARN_RANGE_LOOP_ANALYSIS = YES;
				CLANG_WARN_STRICT_PROTOTYPES = YES;
				CLANG_WARN_SUSPICIOUS_MOVE = YES;
				CLANG_WARN_UNGUARDED_AVAILABILITY = YES_AGGRESSIVE;
				CLANG_WARN_UNREACHABLE_CODE = YES;
				CLANG_WARN__DUPLICATE_METHOD_MATCH = YES;
				COPY_PHASE_STRIP = NO;
				DEBUG_INFORMATION_FORMAT = "dwarf-with-dsym";
				ENABLE_NS_ASSERTIONS = NO;
				ENABLE_STRICT_OBJC_MSGSEND = YES;
				GCC_C_LANGUAGE_STANDARD = gnu11;
				GCC_NO_COMMON_BLOCKS = YES;
				GCC_WARN_64_TO_32_BIT_CONVERSION = YES;
				GCC_WARN_ABOUT_RETURN_TYPE = YES_ERROR;
				GCC_WARN_UNDECLARED_SELECTOR = YES;
				GCC_WARN_UNINITIALIZED_AUTOS = YES_AGGRESSIVE;
				GCC_WARN_UNUSED_FUNCTION = YES;
				GCC_WARN_UNUSED_VARIABLE = YES;
				IPHONEOS_DEPLOYMENT_TARGET = 15.5;
				MTL_ENABLE_DEBUG_INFO = NO;
				MTL_FAST_MATH = YES;
				SDKROOT = iphoneos;
				SWIFT_COMPILATION_MODE = wholemodule;
				SWIFT_OPTIMIZATION_LEVEL = "-O";
				SWIFT_VERSION = "";
				VALIDATE_PRODUCT = YES;
			};
			name = Release;
		};
		601FC22528CAF417008E02BD /* Debug */ = {
			isa = XCBuildConfiguration;
			buildSettings = {
				ASSETCATALOG_COMPILER_APPICON_NAME = AppIcon;
				ASSETCATALOG_COMPILER_GLOBAL_ACCENT_COLOR_NAME = AccentColor;
				CODE_SIGN_ENTITLEMENTS = "Mine-Renew/Mine-Renew.entitlements";
				CODE_SIGN_IDENTITY = "Apple Development";
				CODE_SIGN_STYLE = Automatic;
				CURRENT_PROJECT_VERSION = 1;
				DEVELOPMENT_TEAM = 92NGUT4BRA;
				GENERATE_INFOPLIST_FILE = YES;
				INFOPLIST_FILE = "Mine-Renew/Info.plist";
				INFOPLIST_KEY_CFBundleDisplayName = Mine;
				INFOPLIST_KEY_NSLocationAlwaysAndWhenInUseUsageDescription = "산책 경로 탐색을 위해서 위치 정보를 활용합니다.";
				INFOPLIST_KEY_NSLocationAlwaysUsageDescription = "산책 경로 탐색을 위해서 위치 정보를 활용합니다.";
				INFOPLIST_KEY_NSLocationWhenInUseUsageDescription = "산책 경로 탐색을 위해서 위치 정보를 활용합니다.";
				INFOPLIST_KEY_UIApplicationSupportsIndirectInputEvents = YES;
				INFOPLIST_KEY_UILaunchStoryboardName = LaunchScreen;
				INFOPLIST_KEY_UIMainStoryboardFile = Main;
				INFOPLIST_KEY_UISupportedInterfaceOrientations = UIInterfaceOrientationPortrait;
				INFOPLIST_KEY_UISupportedInterfaceOrientations_iPad = "UIInterfaceOrientationPortrait UIInterfaceOrientationPortraitUpsideDown UIInterfaceOrientationLandscapeLeft UIInterfaceOrientationLandscapeRight";
				INFOPLIST_KEY_UISupportedInterfaceOrientations_iPhone = UIInterfaceOrientationPortrait;
				IPHONEOS_DEPLOYMENT_TARGET = 15.0;
				LD_RUNPATH_SEARCH_PATHS = (
					"$(inherited)",
					"@executable_path/Frameworks",
				);
				MARKETING_VERSION = 1.0;
				PRODUCT_BUNDLE_IDENTIFIER = "com.byunghak.Mine-Renew";
				PRODUCT_NAME = "$(TARGET_NAME)";
				PROVISIONING_PROFILE_SPECIFIER = "";
				SWIFT_EMIT_LOC_STRINGS = YES;
				SWIFT_VERSION = 5.0;
				TARGETED_DEVICE_FAMILY = "1,2";
			};
			name = Debug;
		};
		601FC22628CAF417008E02BD /* Release */ = {
			isa = XCBuildConfiguration;
			buildSettings = {
				ASSETCATALOG_COMPILER_APPICON_NAME = AppIcon;
				ASSETCATALOG_COMPILER_GLOBAL_ACCENT_COLOR_NAME = AccentColor;
				CODE_SIGN_ENTITLEMENTS = "Mine-Renew/Mine-Renew.entitlements";
				CODE_SIGN_IDENTITY = "Apple Development";
				CODE_SIGN_STYLE = Automatic;
				CURRENT_PROJECT_VERSION = 1;
				DEVELOPMENT_TEAM = 92NGUT4BRA;
				GENERATE_INFOPLIST_FILE = YES;
				INFOPLIST_FILE = "Mine-Renew/Info.plist";
				INFOPLIST_KEY_CFBundleDisplayName = Mine;
				INFOPLIST_KEY_NSLocationAlwaysAndWhenInUseUsageDescription = "산책 경로 탐색을 위해서 위치 정보를 활용합니다.";
				INFOPLIST_KEY_NSLocationAlwaysUsageDescription = "산책 경로 탐색을 위해서 위치 정보를 활용합니다.";
				INFOPLIST_KEY_NSLocationWhenInUseUsageDescription = "산책 경로 탐색을 위해서 위치 정보를 활용합니다.";
				INFOPLIST_KEY_UIApplicationSupportsIndirectInputEvents = YES;
				INFOPLIST_KEY_UILaunchStoryboardName = LaunchScreen;
				INFOPLIST_KEY_UIMainStoryboardFile = Main;
				INFOPLIST_KEY_UISupportedInterfaceOrientations = UIInterfaceOrientationPortrait;
				INFOPLIST_KEY_UISupportedInterfaceOrientations_iPad = "UIInterfaceOrientationPortrait UIInterfaceOrientationPortraitUpsideDown UIInterfaceOrientationLandscapeLeft UIInterfaceOrientationLandscapeRight";
				INFOPLIST_KEY_UISupportedInterfaceOrientations_iPhone = UIInterfaceOrientationPortrait;
				IPHONEOS_DEPLOYMENT_TARGET = 15.0;
				LD_RUNPATH_SEARCH_PATHS = (
					"$(inherited)",
					"@executable_path/Frameworks",
				);
				MARKETING_VERSION = 1.0;
				PRODUCT_BUNDLE_IDENTIFIER = "com.byunghak.Mine-Renew";
				PRODUCT_NAME = "$(TARGET_NAME)";
				PROVISIONING_PROFILE_SPECIFIER = "";
				SWIFT_EMIT_LOC_STRINGS = YES;
				SWIFT_VERSION = 5.0;
				TARGETED_DEVICE_FAMILY = "1,2";
			};
			name = Release;
		};
		601FC22828CAF417008E02BD /* Debug */ = {
			isa = XCBuildConfiguration;
			buildSettings = {
				ALWAYS_EMBED_SWIFT_STANDARD_LIBRARIES = YES;
				BUNDLE_LOADER = "$(TEST_HOST)";
				CODE_SIGN_STYLE = Automatic;
				CURRENT_PROJECT_VERSION = 1;
				DEVELOPMENT_TEAM = 92NGUT4BRA;
				GENERATE_INFOPLIST_FILE = YES;
				IPHONEOS_DEPLOYMENT_TARGET = 15.5;
				MARKETING_VERSION = 1.0;
				PRODUCT_BUNDLE_IDENTIFIER = "com.byunghak.Mine-RenewTests";
				PRODUCT_NAME = "$(TARGET_NAME)";
				SWIFT_EMIT_LOC_STRINGS = NO;
				SWIFT_VERSION = 5.0;
				TARGETED_DEVICE_FAMILY = "1,2";
				TEST_HOST = "$(BUILT_PRODUCTS_DIR)/Mine-Renew.app/Mine-Renew";
			};
			name = Debug;
		};
		601FC22928CAF417008E02BD /* Release */ = {
			isa = XCBuildConfiguration;
			buildSettings = {
				ALWAYS_EMBED_SWIFT_STANDARD_LIBRARIES = YES;
				BUNDLE_LOADER = "$(TEST_HOST)";
				CODE_SIGN_STYLE = Automatic;
				CURRENT_PROJECT_VERSION = 1;
				DEVELOPMENT_TEAM = 92NGUT4BRA;
				GENERATE_INFOPLIST_FILE = YES;
				IPHONEOS_DEPLOYMENT_TARGET = 15.5;
				MARKETING_VERSION = 1.0;
				PRODUCT_BUNDLE_IDENTIFIER = "com.byunghak.Mine-RenewTests";
				PRODUCT_NAME = "$(TARGET_NAME)";
				SWIFT_EMIT_LOC_STRINGS = NO;
				SWIFT_VERSION = 5.0;
				TARGETED_DEVICE_FAMILY = "1,2";
				TEST_HOST = "$(BUILT_PRODUCTS_DIR)/Mine-Renew.app/Mine-Renew";
			};
			name = Release;
		};
		601FC22B28CAF417008E02BD /* Debug */ = {
			isa = XCBuildConfiguration;
			buildSettings = {
				ALWAYS_EMBED_SWIFT_STANDARD_LIBRARIES = YES;
				CODE_SIGN_STYLE = Automatic;
				CURRENT_PROJECT_VERSION = 1;
				DEVELOPMENT_TEAM = 92NGUT4BRA;
				GENERATE_INFOPLIST_FILE = YES;
				MARKETING_VERSION = 1.0;
				PRODUCT_BUNDLE_IDENTIFIER = "com.byunghak.Mine-RenewUITests";
				PRODUCT_NAME = "$(TARGET_NAME)";
				SWIFT_EMIT_LOC_STRINGS = NO;
				SWIFT_VERSION = 5.0;
				TARGETED_DEVICE_FAMILY = "1,2";
				TEST_TARGET_NAME = "Mine-Renew";
			};
			name = Debug;
		};
		601FC22C28CAF417008E02BD /* Release */ = {
			isa = XCBuildConfiguration;
			buildSettings = {
				ALWAYS_EMBED_SWIFT_STANDARD_LIBRARIES = YES;
				CODE_SIGN_STYLE = Automatic;
				CURRENT_PROJECT_VERSION = 1;
				DEVELOPMENT_TEAM = 92NGUT4BRA;
				GENERATE_INFOPLIST_FILE = YES;
				MARKETING_VERSION = 1.0;
				PRODUCT_BUNDLE_IDENTIFIER = "com.byunghak.Mine-RenewUITests";
				PRODUCT_NAME = "$(TARGET_NAME)";
				SWIFT_EMIT_LOC_STRINGS = NO;
				SWIFT_VERSION = 5.0;
				TARGETED_DEVICE_FAMILY = "1,2";
				TEST_TARGET_NAME = "Mine-Renew";
			};
			name = Release;
		};
/* End XCBuildConfiguration section */

/* Begin XCConfigurationList section */
		601FC1F528CAF416008E02BD /* Build configuration list for PBXProject "Mine-Renew" */ = {
			isa = XCConfigurationList;
			buildConfigurations = (
				601FC22228CAF417008E02BD /* Debug */,
				601FC22328CAF417008E02BD /* Release */,
			);
			defaultConfigurationIsVisible = 0;
			defaultConfigurationName = Release;
		};
		601FC22428CAF417008E02BD /* Build configuration list for PBXNativeTarget "Mine-Renew" */ = {
			isa = XCConfigurationList;
			buildConfigurations = (
				601FC22528CAF417008E02BD /* Debug */,
				601FC22628CAF417008E02BD /* Release */,
			);
			defaultConfigurationIsVisible = 0;
			defaultConfigurationName = Release;
		};
		601FC22728CAF417008E02BD /* Build configuration list for PBXNativeTarget "Mine-RenewTests" */ = {
			isa = XCConfigurationList;
			buildConfigurations = (
				601FC22828CAF417008E02BD /* Debug */,
				601FC22928CAF417008E02BD /* Release */,
			);
			defaultConfigurationIsVisible = 0;
			defaultConfigurationName = Release;
		};
		601FC22A28CAF417008E02BD /* Build configuration list for PBXNativeTarget "Mine-RenewUITests" */ = {
			isa = XCConfigurationList;
			buildConfigurations = (
				601FC22B28CAF417008E02BD /* Debug */,
				601FC22C28CAF417008E02BD /* Release */,
			);
			defaultConfigurationIsVisible = 0;
			defaultConfigurationName = Release;
		};
/* End XCConfigurationList section */

/* Begin XCRemoteSwiftPackageReference section */
		605E11FF290D2C0900DF125F /* XCRemoteSwiftPackageReference "amplify-ios" */ = {
			isa = XCRemoteSwiftPackageReference;
			repositoryURL = "https://github.com/aws-amplify/amplify-ios";
			requirement = {
				kind = upToNextMajorVersion;
				minimumVersion = 1.28.1;
			};
		};
		606201A828D8AB33005A4668 /* XCRemoteSwiftPackageReference "lottie-ios" */ = {
			isa = XCRemoteSwiftPackageReference;
			repositoryURL = "https://github.com/airbnb/lottie-ios";
			requirement = {
				branch = master;
				kind = branch;
			};
		};
		60D16A98290E6EA9006B20CD /* XCRemoteSwiftPackageReference "IQKeyboardManager" */ = {
			isa = XCRemoteSwiftPackageReference;
			repositoryURL = "https://github.com/hackiftekhar/IQKeyboardManager";
			requirement = {
				kind = upToNextMajorVersion;
				minimumVersion = 6.5.0;
			};
		};
/* End XCRemoteSwiftPackageReference section */

/* Begin XCSwiftPackageProductDependency section */
		605E1200290D2C0900DF125F /* AWSAPIPlugin */ = {
			isa = XCSwiftPackageProductDependency;
			package = 605E11FF290D2C0900DF125F /* XCRemoteSwiftPackageReference "amplify-ios" */;
			productName = AWSAPIPlugin;
		};
		605E1202290D2C0900DF125F /* AWSCognitoAuthPlugin */ = {
			isa = XCSwiftPackageProductDependency;
			package = 605E11FF290D2C0900DF125F /* XCRemoteSwiftPackageReference "amplify-ios" */;
			productName = AWSCognitoAuthPlugin;
		};
		605E1204290D2C0900DF125F /* AWSPluginsCore */ = {
			isa = XCSwiftPackageProductDependency;
			package = 605E11FF290D2C0900DF125F /* XCRemoteSwiftPackageReference "amplify-ios" */;
			productName = AWSPluginsCore;
		};
		605E1206290D2C0900DF125F /* Amplify */ = {
			isa = XCSwiftPackageProductDependency;
			package = 605E11FF290D2C0900DF125F /* XCRemoteSwiftPackageReference "amplify-ios" */;
			productName = Amplify;
		};
		606201A928D8AB33005A4668 /* Lottie */ = {
			isa = XCSwiftPackageProductDependency;
			package = 606201A828D8AB33005A4668 /* XCRemoteSwiftPackageReference "lottie-ios" */;
			productName = Lottie;
		};
		60D16A99290E6EA9006B20CD /* IQKeyboardManagerSwift */ = {
			isa = XCSwiftPackageProductDependency;
			package = 60D16A98290E6EA9006B20CD /* XCRemoteSwiftPackageReference "IQKeyboardManager" */;
			productName = IQKeyboardManagerSwift;
		};
/* End XCSwiftPackageProductDependency section */
	};
	rootObject = 601FC1F228CAF416008E02BD /* Project object */;
}
